// !$*UTF8*$!
{
	archiveVersion = 1;
	classes = {
	};
	objectVersion = 46;
	objects = {

/* Begin PBXBuildFile section */
		65755EC21C680CC500BFBA79 /* main.m in Sources */ = {isa = PBXBuildFile; fileRef = 65755EC11C680CC500BFBA79 /* main.m */; };
		65755EC51C680CC500BFBA79 /* AppDelegate.m in Sources */ = {isa = PBXBuildFile; fileRef = 65755EC41C680CC500BFBA79 /* AppDelegate.m */; };
		65755EC81C680CC500BFBA79 /* ViewController.m in Sources */ = {isa = PBXBuildFile; fileRef = 65755EC71C680CC500BFBA79 /* ViewController.m */; };
		65755ECB1C680CC500BFBA79 /* Main.storyboard in Resources */ = {isa = PBXBuildFile; fileRef = 65755EC91C680CC500BFBA79 /* Main.storyboard */; };
		65755ECD1C680CC500BFBA79 /* Assets.xcassets in Resources */ = {isa = PBXBuildFile; fileRef = 65755ECC1C680CC500BFBA79 /* Assets.xcassets */; };
		65755ED01C680CC500BFBA79 /* LaunchScreen.storyboard in Resources */ = {isa = PBXBuildFile; fileRef = 65755ECE1C680CC500BFBA79 /* LaunchScreen.storyboard */; };
		65755EDB1C680CC600BFBA79 /* Snow_Day_CalculatorTests.m in Sources */ = {isa = PBXBuildFile; fileRef = 65755EDA1C680CC600BFBA79 /* Snow_Day_CalculatorTests.m */; };
		65755EE61C680CC600BFBA79 /* Snow_Day_CalculatorUITests.m in Sources */ = {isa = PBXBuildFile; fileRef = 65755EE51C680CC600BFBA79 /* Snow_Day_CalculatorUITests.m */; };
/* End PBXBuildFile section */

/* Begin PBXContainerItemProxy section */
		65755ED71C680CC600BFBA79 /* PBXContainerItemProxy */ = {
			isa = PBXContainerItemProxy;
			containerPortal = 65755EB51C680CC500BFBA79 /* Project object */;
			proxyType = 1;
			remoteGlobalIDString = 65755EBC1C680CC500BFBA79;
			remoteInfo = "Snow Day Calculator";
		};
		65755EE21C680CC600BFBA79 /* PBXContainerItemProxy */ = {
			isa = PBXContainerItemProxy;
			containerPortal = 65755EB51C680CC500BFBA79 /* Project object */;
			proxyType = 1;
			remoteGlobalIDString = 65755EBC1C680CC500BFBA79;
			remoteInfo = "Snow Day Calculator";
		};
/* End PBXContainerItemProxy section */

/* Begin PBXFileReference section */
		65755EBD1C680CC500BFBA79 /* Snow Day Calculator.app */ = {isa = PBXFileReference; explicitFileType = wrapper.application; includeInIndex = 0; path = "Snow Day Calculator.app"; sourceTree = BUILT_PRODUCTS_DIR; };
		65755EC11C680CC500BFBA79 /* main.m */ = {isa = PBXFileReference; lastKnownFileType = sourcecode.c.objc; path = main.m; sourceTree = "<group>"; };
		65755EC31C680CC500BFBA79 /* AppDelegate.h */ = {isa = PBXFileReference; lastKnownFileType = sourcecode.c.h; path = AppDelegate.h; sourceTree = "<group>"; };
		65755EC41C680CC500BFBA79 /* AppDelegate.m */ = {isa = PBXFileReference; lastKnownFileType = sourcecode.c.objc; path = AppDelegate.m; sourceTree = "<group>"; };
		65755EC61C680CC500BFBA79 /* ViewController.h */ = {isa = PBXFileReference; lastKnownFileType = sourcecode.c.h; path = ViewController.h; sourceTree = "<group>"; };
		65755EC71C680CC500BFBA79 /* ViewController.m */ = {isa = PBXFileReference; lastKnownFileType = sourcecode.c.objc; path = ViewController.m; sourceTree = "<group>"; };
		65755ECA1C680CC500BFBA79 /* Base */ = {isa = PBXFileReference; lastKnownFileType = file.storyboard; name = Base; path = Base.lproj/Main.storyboard; sourceTree = "<group>"; };
		65755ECC1C680CC500BFBA79 /* Assets.xcassets */ = {isa = PBXFileReference; lastKnownFileType = folder.assetcatalog; path = Assets.xcassets; sourceTree = "<group>"; };
		65755ECF1C680CC500BFBA79 /* Base */ = {isa = PBXFileReference; lastKnownFileType = file.storyboard; name = Base; path = Base.lproj/LaunchScreen.storyboard; sourceTree = "<group>"; };
		65755ED11C680CC500BFBA79 /* Info.plist */ = {isa = PBXFileReference; lastKnownFileType = text.plist.xml; path = Info.plist; sourceTree = "<group>"; };
		65755ED61C680CC600BFBA79 /* Snow Day CalculatorTests.xctest */ = {isa = PBXFileReference; explicitFileType = wrapper.cfbundle; includeInIndex = 0; path = "Snow Day CalculatorTests.xctest"; sourceTree = BUILT_PRODUCTS_DIR; };
		65755EDA1C680CC600BFBA79 /* Snow_Day_CalculatorTests.m */ = {isa = PBXFileReference; lastKnownFileType = sourcecode.c.objc; path = Snow_Day_CalculatorTests.m; sourceTree = "<group>"; };
		65755EDC1C680CC600BFBA79 /* Info.plist */ = {isa = PBXFileReference; lastKnownFileType = text.plist.xml; path = Info.plist; sourceTree = "<group>"; };
		65755EE11C680CC600BFBA79 /* Snow Day CalculatorUITests.xctest */ = {isa = PBXFileReference; explicitFileType = wrapper.cfbundle; includeInIndex = 0; path = "Snow Day CalculatorUITests.xctest"; sourceTree = BUILT_PRODUCTS_DIR; };
		65755EE51C680CC600BFBA79 /* Snow_Day_CalculatorUITests.m */ = {isa = PBXFileReference; lastKnownFileType = sourcecode.c.objc; path = Snow_Day_CalculatorUITests.m; sourceTree = "<group>"; };
		65755EE71C680CC600BFBA79 /* Info.plist */ = {isa = PBXFileReference; lastKnownFileType = text.plist.xml; path = Info.plist; sourceTree = "<group>"; };
/* End PBXFileReference section */

/* Begin PBXFrameworksBuildPhase section */
		65755EBA1C680CC500BFBA79 /* Frameworks */ = {
			isa = PBXFrameworksBuildPhase;
			buildActionMask = 2147483647;
			files = (
			);
			runOnlyForDeploymentPostprocessing = 0;
		};
		65755ED31C680CC600BFBA79 /* Frameworks */ = {
			isa = PBXFrameworksBuildPhase;
			buildActionMask = 2147483647;
			files = (
			);
			runOnlyForDeploymentPostprocessing = 0;
		};
		65755EDE1C680CC600BFBA79 /* Frameworks */ = {
			isa = PBXFrameworksBuildPhase;
			buildActionMask = 2147483647;
			files = (
			);
			runOnlyForDeploymentPostprocessing = 0;
		};
/* End PBXFrameworksBuildPhase section */

/* Begin PBXGroup section */
		65755EB41C680CC500BFBA79 = {
			isa = PBXGroup;
			children = (
				65755EBF1C680CC500BFBA79 /* Snow Day Calculator */,
				65755ED91C680CC600BFBA79 /* Snow Day CalculatorTests */,
				65755EE41C680CC600BFBA79 /* Snow Day CalculatorUITests */,
				65755EBE1C680CC500BFBA79 /* Products */,
			);
			sourceTree = "<group>";
		};
		65755EBE1C680CC500BFBA79 /* Products */ = {
			isa = PBXGroup;
			children = (
				65755EBD1C680CC500BFBA79 /* Snow Day Calculator.app */,
				65755ED61C680CC600BFBA79 /* Snow Day CalculatorTests.xctest */,
				65755EE11C680CC600BFBA79 /* Snow Day CalculatorUITests.xctest */,
			);
			name = Products;
			sourceTree = "<group>";
		};
		65755EBF1C680CC500BFBA79 /* Snow Day Calculator */ = {
			isa = PBXGroup;
			children = (
				65755EC31C680CC500BFBA79 /* AppDelegate.h */,
				65755EC41C680CC500BFBA79 /* AppDelegate.m */,
				65755EC61C680CC500BFBA79 /* ViewController.h */,
				65755EC71C680CC500BFBA79 /* ViewController.m */,
				65755EC91C680CC500BFBA79 /* Main.storyboard */,
				65755ECC1C680CC500BFBA79 /* Assets.xcassets */,
				65755ECE1C680CC500BFBA79 /* LaunchScreen.storyboard */,
				65755ED11C680CC500BFBA79 /* Info.plist */,
				65755EC01C680CC500BFBA79 /* Supporting Files */,
			);
			path = "Snow Day Calculator";
			sourceTree = "<group>";
		};
		65755EC01C680CC500BFBA79 /* Supporting Files */ = {
			isa = PBXGroup;
			children = (
				65755EC11C680CC500BFBA79 /* main.m */,
			);
			name = "Supporting Files";
			sourceTree = "<group>";
		};
		65755ED91C680CC600BFBA79 /* Snow Day CalculatorTests */ = {
			isa = PBXGroup;
			children = (
				65755EDA1C680CC600BFBA79 /* Snow_Day_CalculatorTests.m */,
				65755EDC1C680CC600BFBA79 /* Info.plist */,
			);
			path = "Snow Day CalculatorTests";
			sourceTree = "<group>";
		};
		65755EE41C680CC600BFBA79 /* Snow Day CalculatorUITests */ = {
			isa = PBXGroup;
			children = (
				65755EE51C680CC600BFBA79 /* Snow_Day_CalculatorUITests.m */,
				65755EE71C680CC600BFBA79 /* Info.plist */,
			);
			path = "Snow Day CalculatorUITests";
			sourceTree = "<group>";
		};
/* End PBXGroup section */

/* Begin PBXNativeTarget section */
		65755EBC1C680CC500BFBA79 /* Snow Day Calculator */ = {
			isa = PBXNativeTarget;
			buildConfigurationList = 65755EEA1C680CC600BFBA79 /* Build configuration list for PBXNativeTarget "Snow Day Calculator" */;
			buildPhases = (
				65755EB91C680CC500BFBA79 /* Sources */,
				65755EBA1C680CC500BFBA79 /* Frameworks */,
				65755EBB1C680CC500BFBA79 /* Resources */,
			);
			buildRules = (
			);
			dependencies = (
			);
			name = "Snow Day Calculator";
			productName = "Snow Day Calculator";
			productReference = 65755EBD1C680CC500BFBA79 /* Snow Day Calculator.app */;
			productType = "com.apple.product-type.application";
		};
		65755ED51C680CC600BFBA79 /* Snow Day CalculatorTests */ = {
			isa = PBXNativeTarget;
			buildConfigurationList = 65755EED1C680CC600BFBA79 /* Build configuration list for PBXNativeTarget "Snow Day CalculatorTests" */;
			buildPhases = (
				65755ED21C680CC600BFBA79 /* Sources */,
				65755ED31C680CC600BFBA79 /* Frameworks */,
				65755ED41C680CC600BFBA79 /* Resources */,
			);
			buildRules = (
			);
			dependencies = (
				65755ED81C680CC600BFBA79 /* PBXTargetDependency */,
			);
			name = "Snow Day CalculatorTests";
			productName = "Snow Day CalculatorTests";
			productReference = 65755ED61C680CC600BFBA79 /* Snow Day CalculatorTests.xctest */;
			productType = "com.apple.product-type.bundle.unit-test";
		};
		65755EE01C680CC600BFBA79 /* Snow Day CalculatorUITests */ = {
			isa = PBXNativeTarget;
			buildConfigurationList = 65755EF01C680CC600BFBA79 /* Build configuration list for PBXNativeTarget "Snow Day CalculatorUITests" */;
			buildPhases = (
				65755EDD1C680CC600BFBA79 /* Sources */,
				65755EDE1C680CC600BFBA79 /* Frameworks */,
				65755EDF1C680CC600BFBA79 /* Resources */,
			);
			buildRules = (
			);
			dependencies = (
				65755EE31C680CC600BFBA79 /* PBXTargetDependency */,
			);
			name = "Snow Day CalculatorUITests";
			productName = "Snow Day CalculatorUITests";
			productReference = 65755EE11C680CC600BFBA79 /* Snow Day CalculatorUITests.xctest */;
			productType = "com.apple.product-type.bundle.ui-testing";
		};
/* End PBXNativeTarget section */

/* Begin PBXProject section */
		65755EB51C680CC500BFBA79 /* Project object */ = {
			isa = PBXProject;
			attributes = {
				LastUpgradeCheck = 0710;
				ORGANIZATIONNAME = "Stratton Design";
				TargetAttributes = {
					65755EBC1C680CC500BFBA79 = {
						CreatedOnToolsVersion = 7.1;
					};
					65755ED51C680CC600BFBA79 = {
						CreatedOnToolsVersion = 7.1;
						TestTargetID = 65755EBC1C680CC500BFBA79;
					};
					65755EE01C680CC600BFBA79 = {
						CreatedOnToolsVersion = 7.1;
						TestTargetID = 65755EBC1C680CC500BFBA79;
					};
				};
			};
			buildConfigurationList = 65755EB81C680CC500BFBA79 /* Build configuration list for PBXProject "Snow Day Calculator" */;
			compatibilityVersion = "Xcode 3.2";
			developmentRegion = English;
			hasScannedForEncodings = 0;
			knownRegions = (
				en,
				Base,
			);
			mainGroup = 65755EB41C680CC500BFBA79;
			productRefGroup = 65755EBE1C680CC500BFBA79 /* Products */;
			projectDirPath = "";
			projectRoot = "";
			targets = (
				65755EBC1C680CC500BFBA79 /* Snow Day Calculator */,
				65755ED51C680CC600BFBA79 /* Snow Day CalculatorTests */,
				65755EE01C680CC600BFBA79 /* Snow Day CalculatorUITests */,
			);
		};
/* End PBXProject section */

/* Begin PBXResourcesBuildPhase section */
		65755EBB1C680CC500BFBA79 /* Resources */ = {
			isa = PBXResourcesBuildPhase;
			buildActionMask = 2147483647;
			files = (
				65755ED01C680CC500BFBA79 /* LaunchScreen.storyboard in Resources */,
				65755ECD1C680CC500BFBA79 /* Assets.xcassets in Resources */,
				65755ECB1C680CC500BFBA79 /* Main.storyboard in Resources */,
			);
			runOnlyForDeploymentPostprocessing = 0;
		};
		65755ED41C680CC600BFBA79 /* Resources */ = {
			isa = PBXResourcesBuildPhase;
			buildActionMask = 2147483647;
			files = (
			);
			runOnlyForDeploymentPostprocessing = 0;
		};
		65755EDF1C680CC600BFBA79 /* Resources */ = {
			isa = PBXResourcesBuildPhase;
			buildActionMask = 2147483647;
			files = (
			);
			runOnlyForDeploymentPostprocessing = 0;
		};
/* End PBXResourcesBuildPhase section */

/* Begin PBXSourcesBuildPhase section */
		65755EB91C680CC500BFBA79 /* Sources */ = {
			isa = PBXSourcesBuildPhase;
			buildActionMask = 2147483647;
			files = (
				65755EC81C680CC500BFBA79 /* ViewController.m in Sources */,
				65755EC51C680CC500BFBA79 /* AppDelegate.m in Sources */,
				65755EC21C680CC500BFBA79 /* main.m in Sources */,
			);
			runOnlyForDeploymentPostprocessing = 0;
		};
		65755ED21C680CC600BFBA79 /* Sources */ = {
			isa = PBXSourcesBuildPhase;
			buildActionMask = 2147483647;
			files = (
				65755EDB1C680CC600BFBA79 /* Snow_Day_CalculatorTests.m in Sources */,
			);
			runOnlyForDeploymentPostprocessing = 0;
		};
		65755EDD1C680CC600BFBA79 /* Sources */ = {
			isa = PBXSourcesBuildPhase;
			buildActionMask = 2147483647;
			files = (
				65755EE61C680CC600BFBA79 /* Snow_Day_CalculatorUITests.m in Sources */,
			);
			runOnlyForDeploymentPostprocessing = 0;
		};
/* End PBXSourcesBuildPhase section */

/* Begin PBXTargetDependency section */
		65755ED81C680CC600BFBA79 /* PBXTargetDependency */ = {
			isa = PBXTargetDependency;
			target = 65755EBC1C680CC500BFBA79 /* Snow Day Calculator */;
			targetProxy = 65755ED71C680CC600BFBA79 /* PBXContainerItemProxy */;
		};
		65755EE31C680CC600BFBA79 /* PBXTargetDependency */ = {
			isa = PBXTargetDependency;
			target = 65755EBC1C680CC500BFBA79 /* Snow Day Calculator */;
			targetProxy = 65755EE21C680CC600BFBA79 /* PBXContainerItemProxy */;
		};
/* End PBXTargetDependency section */

/* Begin PBXVariantGroup section */
		65755EC91C680CC500BFBA79 /* Main.storyboard */ = {
			isa = PBXVariantGroup;
			children = (
				65755ECA1C680CC500BFBA79 /* Base */,
			);
			name = Main.storyboard;
			sourceTree = "<group>";
		};
		65755ECE1C680CC500BFBA79 /* LaunchScreen.storyboard */ = {
			isa = PBXVariantGroup;
			children = (
				65755ECF1C680CC500BFBA79 /* Base */,
			);
			name = LaunchScreen.storyboard;
			sourceTree = "<group>";
		};
/* End PBXVariantGroup section */

/* Begin XCBuildConfiguration section */
		65755EE81C680CC600BFBA79 /* Debug */ = {
			isa = XCBuildConfiguration;
			buildSettings = {
				ALWAYS_SEARCH_USER_PATHS = NO;
				CLANG_CXX_LANGUAGE_STANDARD = "gnu++0x";
				CLANG_CXX_LIBRARY = "libc++";
				CLANG_ENABLE_MODULES = YES;
				CLANG_ENABLE_OBJC_ARC = YES;
				CLANG_WARN_BOOL_CONVERSION = YES;
				CLANG_WARN_CONSTANT_CONVERSION = YES;
				CLANG_WARN_DIRECT_OBJC_ISA_USAGE = YES_ERROR;
				CLANG_WARN_EMPTY_BODY = YES;
				CLANG_WARN_ENUM_CONVERSION = YES;
				CLANG_WARN_INT_CONVERSION = YES;
				CLANG_WARN_OBJC_ROOT_CLASS = YES_ERROR;
				CLANG_WARN_UNREACHABLE_CODE = YES;
				CLANG_WARN__DUPLICATE_METHOD_MATCH = YES;
				"CODE_SIGN_IDENTITY[sdk=iphoneos*]" = "iPhone Developer";
				COPY_PHASE_STRIP = NO;
				DEBUG_INFORMATION_FORMAT = dwarf;
				ENABLE_STRICT_OBJC_MSGSEND = YES;
				ENABLE_TESTABILITY = YES;
				GCC_C_LANGUAGE_STANDARD = gnu99;
				GCC_DYNAMIC_NO_PIC = NO;
				GCC_NO_COMMON_BLOCKS = YES;
				GCC_OPTIMIZATION_LEVEL = 0;
				GCC_PREPROCESSOR_DEFINITIONS = (
					"DEBUG=1",
					"$(inherited)",
				);
				GCC_WARN_64_TO_32_BIT_CONVERSION = YES;
				GCC_WARN_ABOUT_RETURN_TYPE = YES_ERROR;
				GCC_WARN_UNDECLARED_SELECTOR = YES;
				GCC_WARN_UNINITIALIZED_AUTOS = YES_AGGRESSIVE;
				GCC_WARN_UNUSED_FUNCTION = YES;
				GCC_WARN_UNUSED_VARIABLE = YES;
				IPHONEOS_DEPLOYMENT_TARGET = 9.1;
				MTL_ENABLE_DEBUG_INFO = YES;
				ONLY_ACTIVE_ARCH = YES;
				SDKROOT = iphoneos;
			};
			name = Debug;
		};
		65755EE91C680CC600BFBA79 /* Release */ = {
			isa = XCBuildConfiguration;
			buildSettings = {
				ALWAYS_SEARCH_USER_PATHS = NO;
				CLANG_CXX_LANGUAGE_STANDARD = "gnu++0x";
				CLANG_CXX_LIBRARY = "libc++";
				CLANG_ENABLE_MODULES = YES;
				CLANG_ENABLE_OBJC_ARC = YES;
				CLANG_WARN_BOOL_CONVERSION = YES;
				CLANG_WARN_CONSTANT_CONVERSION = YES;
				CLANG_WARN_DIRECT_OBJC_ISA_USAGE = YES_ERROR;
				CLANG_WARN_EMPTY_BODY = YES;
				CLANG_WARN_ENUM_CONVERSION = YES;
				CLANG_WARN_INT_CONVERSION = YES;
				CLANG_WARN_OBJC_ROOT_CLASS = YES_ERROR;
				CLANG_WARN_UNREACHABLE_CODE = YES;
				CLANG_WARN__DUPLICATE_METHOD_MATCH = YES;
				"CODE_SIGN_IDENTITY[sdk=iphoneos*]" = "iPhone Developer";
				COPY_PHASE_STRIP = NO;
				DEBUG_INFORMATION_FORMAT = "dwarf-with-dsym";
				ENABLE_NS_ASSERTIONS = NO;
				ENABLE_STRICT_OBJC_MSGSEND = YES;
				GCC_C_LANGUAGE_STANDARD = gnu99;
				GCC_NO_COMMON_BLOCKS = YES;
				GCC_WARN_64_TO_32_BIT_CONVERSION = YES;
				GCC_WARN_ABOUT_RETURN_TYPE = YES_ERROR;
				GCC_WARN_UNDECLARED_SELECTOR = YES;
				GCC_WARN_UNINITIALIZED_AUTOS = YES_AGGRESSIVE;
				GCC_WARN_UNUSED_FUNCTION = YES;
				GCC_WARN_UNUSED_VARIABLE = YES;
				IPHONEOS_DEPLOYMENT_TARGET = 9.1;
				MTL_ENABLE_DEBUG_INFO = NO;
				SDKROOT = iphoneos;
				VALIDATE_PRODUCT = YES;
			};
			name = Release;
		};
		65755EEB1C680CC600BFBA79 /* Debug */ = {
			isa = XCBuildConfiguration;
			buildSettings = {
				ASSETCATALOG_COMPILER_APPICON_NAME = AppIcon;
				INFOPLIST_FILE = "Snow Day Calculator/Info.plist";
				LD_RUNPATH_SEARCH_PATHS = "$(inherited) @executable_path/Frameworks";
				PRODUCT_BUNDLE_IDENTIFIER = "com.strattondesign.Snow-Day-Calculator";
				PRODUCT_NAME = "$(TARGET_NAME)";
			};
			name = Debug;
		};
		65755EEC1C680CC600BFBA79 /* Release */ = {
			isa = XCBuildConfiguration;
			buildSettings = {
				ASSETCATALOG_COMPILER_APPICON_NAME = AppIcon;
				INFOPLIST_FILE = "Snow Day Calculator/Info.plist";
				LD_RUNPATH_SEARCH_PATHS = "$(inherited) @executable_path/Frameworks";
				PRODUCT_BUNDLE_IDENTIFIER = "com.strattondesign.Snow-Day-Calculator";
				PRODUCT_NAME = "$(TARGET_NAME)";
			};
			name = Release;
		};
		65755EEE1C680CC600BFBA79 /* Debug */ = {
			isa = XCBuildConfiguration;
			buildSettings = {
				BUNDLE_LOADER = "$(TEST_HOST)";
				INFOPLIST_FILE = "Snow Day CalculatorTests/Info.plist";
				LD_RUNPATH_SEARCH_PATHS = "$(inherited) @executable_path/Frameworks @loader_path/Frameworks";
				PRODUCT_BUNDLE_IDENTIFIER = "com.strattondesign.Snow-Day-CalculatorTests";
				PRODUCT_NAME = "$(TARGET_NAME)";
				TEST_HOST = "$(BUILT_PRODUCTS_DIR)/Snow Day Calculator.app/Snow Day Calculator";
			};
			name = Debug;
		};
		65755EEF1C680CC600BFBA79 /* Release */ = {
			isa = XCBuildConfiguration;
			buildSettings = {
				BUNDLE_LOADER = "$(TEST_HOST)";
				INFOPLIST_FILE = "Snow Day CalculatorTests/Info.plist";
				LD_RUNPATH_SEARCH_PATHS = "$(inherited) @executable_path/Frameworks @loader_path/Frameworks";
				PRODUCT_BUNDLE_IDENTIFIER = "com.strattondesign.Snow-Day-CalculatorTests";
				PRODUCT_NAME = "$(TARGET_NAME)";
				TEST_HOST = "$(BUILT_PRODUCTS_DIR)/Snow Day Calculator.app/Snow Day Calculator";
			};
			name = Release;
		};
		65755EF11C680CC600BFBA79 /* Debug */ = {
			isa = XCBuildConfiguration;
			buildSettings = {
				INFOPLIST_FILE = "Snow Day CalculatorUITests/Info.plist";
				LD_RUNPATH_SEARCH_PATHS = "$(inherited) @executable_path/Frameworks @loader_path/Frameworks";
				PRODUCT_BUNDLE_IDENTIFIER = "com.strattondesign.Snow-Day-CalculatorUITests";
				PRODUCT_NAME = "$(TARGET_NAME)";
				TEST_TARGET_NAME = "Snow Day Calculator";
				USES_XCTRUNNER = YES;
			};
			name = Debug;
		};
		65755EF21C680CC600BFBA79 /* Release */ = {
			isa = XCBuildConfiguration;
			buildSettings = {
				INFOPLIST_FILE = "Snow Day CalculatorUITests/Info.plist";
				LD_RUNPATH_SEARCH_PATHS = "$(inherited) @executable_path/Frameworks @loader_path/Frameworks";
				PRODUCT_BUNDLE_IDENTIFIER = "com.strattondesign.Snow-Day-CalculatorUITests";
				PRODUCT_NAME = "$(TARGET_NAME)";
				TEST_TARGET_NAME = "Snow Day Calculator";
				USES_XCTRUNNER = YES;
			};
			name = Release;
		};
/* End XCBuildConfiguration section */

/* Begin XCConfigurationList section */
		65755EB81C680CC500BFBA79 /* Build configuration list for PBXProject "Snow Day Calculator" */ = {
			isa = XCConfigurationList;
			buildConfigurations = (
				65755EE81C680CC600BFBA79 /* Debug */,
				65755EE91C680CC600BFBA79 /* Release */,
			);
			defaultConfigurationIsVisible = 0;
			defaultConfigurationName = Release;
		};
		65755EEA1C680CC600BFBA79 /* Build configuration list for PBXNativeTarget "Snow Day Calculator" */ = {
			isa = XCConfigurationList;
			buildConfigurations = (
				65755EEB1C680CC600BFBA79 /* Debug */,
				65755EEC1C680CC600BFBA79 /* Release */,
			);
			defaultConfigurationIsVisible = 0;
		};
		65755EED1C680CC600BFBA79 /* Build configuration list for PBXNativeTarget "Snow Day CalculatorTests" */ = {
			isa = XCConfigurationList;
			buildConfigurations = (
				65755EEE1C680CC600BFBA79 /* Debug */,
				65755EEF1C680CC600BFBA79 /* Release */,
			);
			defaultConfigurationIsVisible = 0;
		};
		65755EF01C680CC600BFBA79 /* Build configuration list for PBXNativeTarget "Snow Day CalculatorUITests" */ = {
			isa = XCConfigurationList;
			buildConfigurations = (
				65755EF11C680CC600BFBA79 /* Debug */,
				65755EF21C680CC600BFBA79 /* Release */,
			);
			defaultConfigurationIsVisible = 0;
		};
/* End XCConfigurationList section */
	};
	rootObject = 65755EB51C680CC500BFBA79 /* Project object */;
}
